
Microsoft Visual Studio Solution File, Format Version 12.00
# Visual Studio Version 17
VisualStudioVersion = 17.14.36310.24
MinimumVisualStudioVersion = 10.0.40219.1
Project("{FAE04EC0-301F-11D3-BF4B-00C04F79EFBC}") = "IssueManager", "IssueManager\IssueManager.csproj", "{83D30BD1-5520-48A8-AA83-6C03E44DFE3F}"
EndProject
Global
	GlobalSection(SolutionConfigurationPlatforms) = preSolution
		Debug|Any CPU = Debug|Any CPU
		Release|Any CPU = Release|Any CPU
	EndGlobalSection
	GlobalSection(ProjectConfigurationPlatforms) = postSolution
		{83D30BD1-5520-48A8-AA83-6C03E44DFE3F}.Debug|Any CPU.ActiveCfg = Debug|Any CPU
		{83D30BD1-5520-48A8-AA83-6C03E44DFE3F}.Debug|Any CPU.Build.0 = Debug|Any CPU
		{83D30BD1-5520-48A8-AA83-6C03E44DFE3F}.Release|Any CPU.ActiveCfg = Release|Any CPU
		{83D30BD1-5520-48A8-AA83-6C03E44DFE3F}.Release|Any CPU.Build.0 = Release|Any CPU
	EndGlobalSection
	GlobalSection(SolutionProperties) = preSolution
		HideSolutionNode = FALSE
	EndGlobalSection
	GlobalSection(ExtensibilityGlobals) = postSolution
		SolutionGuid = {94AB2999-F4B6-4063-950A-EAF468CF1E33}
	EndGlobalSection
EndGlobal
